
Microsoft Visual Studio Solution File, Format Version 12.00
# Visual Studio Version 17
VisualStudioVersion = 17.9.34622.214
MinimumVisualStudioVersion = 10.0.40219.1
Project("{9A19103F-16F7-4668-BE54-9A1E7A4F7556}") = "GlobalTicketHub", "GlobalTicketHub\GlobalTicketHub.csproj", "{FA1A5343-4AE4-4A3F-844F-E7693F597DF6}"
EndProject
Project("{9A19103F-16F7-4668-BE54-9A1E7A4F7556}") = "DLL", "DLL\DLL.csproj", "{C6CA5AB3-D4A4-470C-B75D-E26EFBA6FFA6}"
EndProject
Project("{9A19103F-16F7-4668-BE54-9A1E7A4F7556}") = "BLL", "BLL\BLL.csproj", "{7FFB5684-9622-4CAB-A09A-19F99C1B156E}"
EndProject
Project("{9A19103F-16F7-4668-BE54-9A1E7A4F7556}") = "Domain", "Domain\Domain.csproj", "{819B9CF4-B853-44F1-9A25-E5B496C19971}"
EndProject
Global
	GlobalSection(SolutionConfigurationPlatforms) = preSolution
		Debug|Any CPU = Debug|Any CPU
		Release|Any CPU = Release|Any CPU
	EndGlobalSection
	GlobalSection(ProjectConfigurationPlatforms) = postSolution
		{FA1A5343-4AE4-4A3F-844F-E7693F597DF6}.Debug|Any CPU.ActiveCfg = Debug|Any CPU
		{FA1A5343-4AE4-4A3F-844F-E7693F597DF6}.Debug|Any CPU.Build.0 = Debug|Any CPU
		{FA1A5343-4AE4-4A3F-844F-E7693F597DF6}.Release|Any CPU.ActiveCfg = Release|Any CPU
		{FA1A5343-4AE4-4A3F-844F-E7693F597DF6}.Release|Any CPU.Build.0 = Release|Any CPU
		{C6CA5AB3-D4A4-470C-B75D-E26EFBA6FFA6}.Debug|Any CPU.ActiveCfg = Debug|Any CPU
		{C6CA5AB3-D4A4-470C-B75D-E26EFBA6FFA6}.Debug|Any CPU.Build.0 = Debug|Any CPU
		{C6CA5AB3-D4A4-470C-B75D-E26EFBA6FFA6}.Release|Any CPU.ActiveCfg = Release|Any CPU
		{C6CA5AB3-D4A4-470C-B75D-E26EFBA6FFA6}.Release|Any CPU.Build.0 = Release|Any CPU
		{7FFB5684-9622-4CAB-A09A-19F99C1B156E}.Debug|Any CPU.ActiveCfg = Debug|Any CPU
		{7FFB5684-9622-4CAB-A09A-19F99C1B156E}.Debug|Any CPU.Build.0 = Debug|Any CPU
		{7FFB5684-9622-4CAB-A09A-19F99C1B156E}.Release|Any CPU.ActiveCfg = Release|Any CPU
		{7FFB5684-9622-4CAB-A09A-19F99C1B156E}.Release|Any CPU.Build.0 = Release|Any CPU
		{819B9CF4-B853-44F1-9A25-E5B496C19971}.Debug|Any CPU.ActiveCfg = Debug|Any CPU
		{819B9CF4-B853-44F1-9A25-E5B496C19971}.Debug|Any CPU.Build.0 = Debug|Any CPU
		{819B9CF4-B853-44F1-9A25-E5B496C19971}.Release|Any CPU.ActiveCfg = Release|Any CPU
		{819B9CF4-B853-44F1-9A25-E5B496C19971}.Release|Any CPU.Build.0 = Release|Any CPU
	EndGlobalSection
	GlobalSection(SolutionProperties) = preSolution
		HideSolutionNode = FALSE
	EndGlobalSection
	GlobalSection(ExtensibilityGlobals) = postSolution
		SolutionGuid = {1FDA6730-760D-4F82-90E5-ED0B56C95D96}
	EndGlobalSection
EndGlobal
